
Microsoft Visual Studio Solution File, Format Version 12.00
# Visual Studio Version 17
VisualStudioVersion = 17.14.36414.22
MinimumVisualStudioVersion = 10.0.40219.1
Project("{FAE04EC0-301F-11D3-BF4B-00C04F79EFBC}") = "GymManagementSystem", "GymManagementSystem.csproj", "{7B7AC779-8921-4D3E-B31E-84B4FEE7AA0D}"
	ProjectSection(ProjectDependencies) = postProject
		{2991F154-DC7D-4C5C-84DE-8CFD4D5C3DF8} = {2991F154-DC7D-4C5C-84DE-8CFD4D5C3DF8}
	EndProjectSection
EndProject
Project("{FAE04EC0-301F-11D3-BF4B-00C04F79EFBC}") = "ClassLibrary", "..\classes\ClassLibrary.csproj", "{2991F154-DC7D-4C5C-84DE-8CFD4D5C3DF8}"
EndProject
Global
	GlobalSection(SolutionConfigurationPlatforms) = preSolution
		Debug|Any CPU = Debug|Any CPU
		Release|Any CPU = Release|Any CPU
	EndGlobalSection
	GlobalSection(ProjectConfigurationPlatforms) = postSolution
		{7B7AC779-8921-4D3E-B31E-84B4FEE7AA0D}.Debug|Any CPU.ActiveCfg = Debug|Any CPU
		{7B7AC779-8921-4D3E-B31E-84B4FEE7AA0D}.Debug|Any CPU.Build.0 = Debug|Any CPU
		{7B7AC779-8921-4D3E-B31E-84B4FEE7AA0D}.Release|Any CPU.ActiveCfg = Release|Any CPU
		{7B7AC779-8921-4D3E-B31E-84B4FEE7AA0D}.Release|Any CPU.Build.0 = Release|Any CPU
		{2991F154-DC7D-4C5C-84DE-8CFD4D5C3DF8}.Debug|Any CPU.ActiveCfg = Debug|Any CPU
		{2991F154-DC7D-4C5C-84DE-8CFD4D5C3DF8}.Debug|Any CPU.Build.0 = Debug|Any CPU
		{2991F154-DC7D-4C5C-84DE-8CFD4D5C3DF8}.Release|Any CPU.ActiveCfg = Release|Any CPU
		{2991F154-DC7D-4C5C-84DE-8CFD4D5C3DF8}.Release|Any CPU.Build.0 = Release|Any CPU
	EndGlobalSection
	GlobalSection(SolutionProperties) = preSolution
		HideSolutionNode = FALSE
	EndGlobalSection
	GlobalSection(ExtensibilityGlobals) = postSolution
		SolutionGuid = {B42109C2-457F-40AC-8697-F3B604720E94}
	EndGlobalSection
EndGlobal
